// !$*UTF8*$!
{
	archiveVersion = 1;
	classes = {
	};
	objectVersion = 77;
	objects = {

/* Begin PBXContainerItemProxy section */
		1968A96A2E65E5D3000C682C /* PBXContainerItemProxy */ = {
			isa = PBXContainerItemProxy;
			containerPortal = 1968A9542E65E5D1000C682C /* Project object */;
			proxyType = 1;
			remoteGlobalIDString = 1968A95B2E65E5D1000C682C;
			remoteInfo = LiveActivityExample;
		};
		1968A9742E65E5D3000C682C /* PBXContainerItemProxy */ = {
			isa = PBXContainerItemProxy;
			containerPortal = 1968A9542E65E5D1000C682C /* Project object */;
			proxyType = 1;
			remoteGlobalIDString = 1968A95B2E65E5D1000C682C;
			remoteInfo = LiveActivityExample;
		};
/* End PBXContainerItemProxy section */

/* Begin PBXFileReference section */
		1968A95C2E65E5D1000C682C /* LiveActivityExample.app */ = {isa = PBXFileReference; explicitFileType = wrapper.application; includeInIndex = 0; path = LiveActivityExample.app; sourceTree = BUILT_PRODUCTS_DIR; };
		1968A9692E65E5D3000C682C /* LiveActivityExampleTests.xctest */ = {isa = PBXFileReference; explicitFileType = wrapper.cfbundle; includeInIndex = 0; path = LiveActivityExampleTests.xctest; sourceTree = BUILT_PRODUCTS_DIR; };
		1968A9732E65E5D3000C682C /* LiveActivityExampleUITests.xctest */ = {isa = PBXFileReference; explicitFileType = wrapper.cfbundle; includeInIndex = 0; path = LiveActivityExampleUITests.xctest; sourceTree = BUILT_PRODUCTS_DIR; };
/* End PBXFileReference section */

/* Begin PBXFileSystemSynchronizedRootGroup section */
		1968A95E2E65E5D1000C682C /* LiveActivityExample */ = {
			isa = PBXFileSystemSynchronizedRootGroup;
			path = LiveActivityExample;
			sourceTree = "<group>";
		};
		1968A96C2E65E5D3000C682C /* LiveActivityExampleTests */ = {
			isa = PBXFileSystemSynchronizedRootGroup;
			path = LiveActivityExampleTests;
			sourceTree = "<group>";
		};
		1968A9762E65E5D3000C682C /* LiveActivityExampleUITests */ = {
			isa = PBXFileSystemSynchronizedRootGroup;
			path = LiveActivityExampleUITests;
			sourceTree = "<group>";
		};
/* End PBXFileSystemSynchronizedRootGroup section */

/* Begin PBXFrameworksBuildPhase section */
		1968A9592E65E5D1000C682C /* Frameworks */ = {
			isa = PBXFrameworksBuildPhase;
			buildActionMask = 2147483647;
			files = (
			);
			runOnlyForDeploymentPostprocessing = 0;
		};
		1968A9662E65E5D3000C682C /* Frameworks */ = {
			isa = PBXFrameworksBuildPhase;
			buildActionMask = 2147483647;
			files = (
			);
			runOnlyForDeploymentPostprocessing = 0;
		};
		1968A9702E65E5D3000C682C /* Frameworks */ = {
			isa = PBXFrameworksBuildPhase;
			buildActionMask = 2147483647;
			files = (
			);
			runOnlyForDeploymentPostprocessing = 0;
		};
/* End PBXFrameworksBuildPhase section */

/* Begin PBXGroup section */
		1968A9532E65E5D1000C682C = {
			isa = PBXGroup;
			children = (
				1968A95E2E65E5D1000C682C /* LiveActivityExample */,
				1968A96C2E65E5D3000C682C /* LiveActivityExampleTests */,
				1968A9762E65E5D3000C682C /* LiveActivityExampleUITests */,
				1968A95D2E65E5D1000C682C /* Products */,
			);
			sourceTree = "<group>";
		};
		1968A95D2E65E5D1000C682C /* Products */ = {
			isa = PBXGroup;
			children = (
				1968A95C2E65E5D1000C682C /* LiveActivityExample.app */,
				1968A9692E65E5D3000C682C /* LiveActivityExampleTests.xctest */,
				1968A9732E65E5D3000C682C /* LiveActivityExampleUITests.xctest */,
			);
			name = Products;
			sourceTree = "<group>";
		};
/* End PBXGroup section */

/* Begin PBXNativeTarget section */
		1968A95B2E65E5D1000C682C /* LiveActivityExample */ = {
			isa = PBXNativeTarget;
			buildConfigurationList = 1968A97D2E65E5D3000C682C /* Build configuration list for PBXNativeTarget "LiveActivityExample" */;
			buildPhases = (
				1968A9582E65E5D1000C682C /* Sources */,
				1968A9592E65E5D1000C682C /* Frameworks */,
				1968A95A2E65E5D1000C682C /* Resources */,
			);
			buildRules = (
			);
			dependencies = (
			);
			fileSystemSynchronizedGroups = (
				1968A95E2E65E5D1000C682C /* LiveActivityExample */,
			);
			name = LiveActivityExample;
			packageProductDependencies = (
			);
			productName = LiveActivityExample;
			productReference = 1968A95C2E65E5D1000C682C /* LiveActivityExample.app */;
			productType = "com.apple.product-type.application";
		};
		1968A9682E65E5D3000C682C /* LiveActivityExampleTests */ = {
			isa = PBXNativeTarget;
			buildConfigurationList = 1968A9802E65E5D3000C682C /* Build configuration list for PBXNativeTarget "LiveActivityExampleTests" */;
			buildPhases = (
				1968A9652E65E5D3000C682C /* Sources */,
				1968A9662E65E5D3000C682C /* Frameworks */,
				1968A9672E65E5D3000C682C /* Resources */,
			);
			buildRules = (
			);
			dependencies = (
				1968A96B2E65E5D3000C682C /* PBXTargetDependency */,
			);
			fileSystemSynchronizedGroups = (
				1968A96C2E65E5D3000C682C /* LiveActivityExampleTests */,
			);
			name = LiveActivityExampleTests;
			packageProductDependencies = (
			);
			productName = LiveActivityExampleTests;
			productReference = 1968A9692E65E5D3000C682C /* LiveActivityExampleTests.xctest */;
			productType = "com.apple.product-type.bundle.unit-test";
		};
		1968A9722E65E5D3000C682C /* LiveActivityExampleUITests */ = {
			isa = PBXNativeTarget;
			buildConfigurationList = 1968A9832E65E5D3000C682C /* Build configuration list for PBXNativeTarget "LiveActivityExampleUITests" */;
			buildPhases = (
				1968A96F2E65E5D3000C682C /* Sources */,
				1968A9702E65E5D3000C682C /* Frameworks */,
				1968A9712E65E5D3000C682C /* Resources */,
			);
			buildRules = (
			);
			dependencies = (
				1968A9752E65E5D3000C682C /* PBXTargetDependency */,
			);
			fileSystemSynchronizedGroups = (
				1968A9762E65E5D3000C682C /* LiveActivityExampleUITests */,
			);
			name = LiveActivityExampleUITests;
			packageProductDependencies = (
			);
			productName = LiveActivityExampleUITests;
			productReference = 1968A9732E65E5D3000C682C /* LiveActivityExampleUITests.xctest */;
			productType = "com.apple.product-type.bundle.ui-testing";
		};
/* End PBXNativeTarget section */

/* Begin PBXProject section */
		1968A9542E65E5D1000C682C /* Project object */ = {
			isa = PBXProject;
			attributes = {
				BuildIndependentTargetsInParallel = 1;
				LastSwiftUpdateCheck = 1640;
				LastUpgradeCheck = 1640;
				TargetAttributes = {
					1968A95B2E65E5D1000C682C = {
						CreatedOnToolsVersion = 16.4;
					};
					1968A9682E65E5D3000C682C = {
						CreatedOnToolsVersion = 16.4;
						TestTargetID = 1968A95B2E65E5D1000C682C;
					};
					1968A9722E65E5D3000C682C = {
						CreatedOnToolsVersion = 16.4;
						TestTargetID = 1968A95B2E65E5D1000C682C;
					};
				};
			};
			buildConfigurationList = 1968A9572E65E5D1000C682C /* Build configuration list for PBXProject "LiveActivityExample" */;
			developmentRegion = en;
			hasScannedForEncodings = 0;
			knownRegions = (
				en,
				Base,
			);
			mainGroup = 1968A9532E65E5D1000C682C;
			minimizedProjectReferenceProxies = 1;
			preferredProjectObjectVersion = 77;
			productRefGroup = 1968A95D2E65E5D1000C682C /* Products */;
			projectDirPath = "";
			projectRoot = "";
			targets = (
				1968A95B2E65E5D1000C682C /* LiveActivityExample */,
				1968A9682E65E5D3000C682C /* LiveActivityExampleTests */,
				1968A9722E65E5D3000C682C /* LiveActivityExampleUITests */,
			);
		};
/* End PBXProject section */

/* Begin PBXResourcesBuildPhase section */
		1968A95A2E65E5D1000C682C /* Resources */ = {
			isa = PBXResourcesBuildPhase;
			buildActionMask = 2147483647;
			files = (
			);
			runOnlyForDeploymentPostprocessing = 0;
		};
		1968A9672E65E5D3000C682C /* Resources */ = {
			isa = PBXResourcesBuildPhase;
			buildActionMask = 2147483647;
			files = (
			);
			runOnlyForDeploymentPostprocessing = 0;
		};
		1968A9712E65E5D3000C682C /* Resources */ = {
			isa = PBXResourcesBuildPhase;
			buildActionMask = 2147483647;
			files = (
			);
			runOnlyForDeploymentPostprocessing = 0;
		};
/* End PBXResourcesBuildPhase section */

/* Begin PBXSourcesBuildPhase section */
		1968A9582E65E5D1000C682C /* Sources */ = {
			isa = PBXSourcesBuildPhase;
			buildActionMask = 2147483647;
			files = (
			);
			runOnlyForDeploymentPostprocessing = 0;
		};
		1968A9652E65E5D3000C682C /* Sources */ = {
			isa = PBXSourcesBuildPhase;
			buildActionMask = 2147483647;
			files = (
			);
			runOnlyForDeploymentPostprocessing = 0;
		};
		1968A96F2E65E5D3000C682C /* Sources */ = {
			isa = PBXSourcesBuildPhase;
			buildActionMask = 2147483647;
			files = (
			);
			runOnlyForDeploymentPostprocessing = 0;
		};
/* End PBXSourcesBuildPhase section */

/* Begin PBXTargetDependency section */
		1968A96B2E65E5D3000C682C /* PBXTargetDependency */ = {
			isa = PBXTargetDependency;
			target = 1968A95B2E65E5D1000C682C /* LiveActivityExample */;
			targetProxy = 1968A96A2E65E5D3000C682C /* PBXContainerItemProxy */;
		};
		1968A9752E65E5D3000C682C /* PBXTargetDependency */ = {
			isa = PBXTargetDependency;
			target = 1968A95B2E65E5D1000C682C /* LiveActivityExample */;
			targetProxy = 1968A9742E65E5D3000C682C /* PBXContainerItemProxy */;
		};
/* End PBXTargetDependency section */

/* Begin XCBuildConfiguration section */
		1968A97B2E65E5D3000C682C /* Debug */ = {
			isa = XCBuildConfiguration;
			buildSettings = {
				ALWAYS_SEARCH_USER_PATHS = NO;
				ASSETCATALOG_COMPILER_GENERATE_SWIFT_ASSET_SYMBOL_EXTENSIONS = YES;
				CLANG_ANALYZER_NONNULL = YES;
				CLANG_ANALYZER_NUMBER_OBJECT_CONVERSION = YES_AGGRESSIVE;
				CLANG_CXX_LANGUAGE_STANDARD = "gnu++20";
				CLANG_ENABLE_MODULES = YES;
				CLANG_ENABLE_OBJC_ARC = YES;
				CLANG_ENABLE_OBJC_WEAK = YES;
				CLANG_WARN_BLOCK_CAPTURE_AUTORELEASING = YES;
				CLANG_WARN_BOOL_CONVERSION = YES;
				CLANG_WARN_COMMA = YES;
				CLANG_WARN_CONSTANT_CONVERSION = YES;
				CLANG_WARN_DEPRECATED_OBJC_IMPLEMENTATIONS = YES;
				CLANG_WARN_DIRECT_OBJC_ISA_USAGE = YES_ERROR;
				CLANG_WARN_DOCUMENTATION_COMMENTS = YES;
				CLANG_WARN_EMPTY_BODY = YES;
				CLANG_WARN_ENUM_CONVERSION = YES;
				CLANG_WARN_INFINITE_RECURSION = YES;
				CLANG_WARN_INT_CONVERSION = YES;
				CLANG_WARN_NON_LITERAL_NULL_CONVERSION = YES;
				CLANG_WARN_OBJC_IMPLICIT_RETAIN_SELF = YES;
				CLANG_WARN_OBJC_LITERAL_CONVERSION = YES;
				CLANG_WARN_OBJC_ROOT_CLASS = YES_ERROR;
				CLANG_WARN_QUOTED_INCLUDE_IN_FRAMEWORK_HEADER = YES;
				CLANG_WARN_RANGE_LOOP_ANALYSIS = YES;
				CLANG_WARN_STRICT_PROTOTYPES = YES;
				CLANG_WARN_SUSPICIOUS_MOVE = YES;
				CLANG_WARN_UNGUARDED_AVAILABILITY = YES_AGGRESSIVE;
				CLANG_WARN_UNREACHABLE_CODE = YES;
				CLANG_WARN__DUPLICATE_METHOD_MATCH = YES;
				COPY_PHASE_STRIP = NO;
				DEBUG_INFORMATION_FORMAT = dwarf;
				DEVELOPMENT_TEAM = K2VAN9GH96;
				ENABLE_STRICT_OBJC_MSGSEND = YES;
				ENABLE_TESTABILITY = YES;
				ENABLE_USER_SCRIPT_SANDBOXING = YES;
				GCC_C_LANGUAGE_STANDARD = gnu17;
				GCC_DYNAMIC_NO_PIC = NO;
				GCC_NO_COMMON_BLOCKS = YES;
				GCC_OPTIMIZATION_LEVEL = 0;
				GCC_PREPROCESSOR_DEFINITIONS = (
					"DEBUG=1",
					"$(inherited)",
				);
				GCC_WARN_64_TO_32_BIT_CONVERSION = YES;
				GCC_WARN_ABOUT_RETURN_TYPE = YES_ERROR;
				GCC_WARN_UNDECLARED_SELECTOR = YES;
				GCC_WARN_UNINITIALIZED_AUTOS = YES_AGGRESSIVE;
				GCC_WARN_UNUSED_FUNCTION = YES;
				GCC_WARN_UNUSED_VARIABLE = YES;
				IPHONEOS_DEPLOYMENT_TARGET = 18.5;
				LOCALIZATION_PREFERS_STRING_CATALOGS = YES;
				MTL_ENABLE_DEBUG_INFO = INCLUDE_SOURCE;
				MTL_FAST_MATH = YES;
				ONLY_ACTIVE_ARCH = YES;
				SDKROOT = iphoneos;
				SWIFT_ACTIVE_COMPILATION_CONDITIONS = "DEBUG $(inherited)";
				SWIFT_OPTIMIZATION_LEVEL = "-Onone";
			};
			name = Debug;
		};
		1968A97C2E65E5D3000C682C /* Release */ = {
			isa = XCBuildConfiguration;
			buildSettings = {
				ALWAYS_SEARCH_USER_PATHS = NO;
				ASSETCATALOG_COMPILER_GENERATE_SWIFT_ASSET_SYMBOL_EXTENSIONS = YES;
				CLANG_ANALYZER_NONNULL = YES;
				CLANG_ANALYZER_NUMBER_OBJECT_CONVERSION = YES_AGGRESSIVE;
				CLANG_CXX_LANGUAGE_STANDARD = "gnu++20";
				CLANG_ENABLE_MODULES = YES;
				CLANG_ENABLE_OBJC_ARC = YES;
				CLANG_ENABLE_OBJC_WEAK = YES;
				CLANG_WARN_BLOCK_CAPTURE_AUTORELEASING = YES;
				CLANG_WARN_BOOL_CONVERSION = YES;
				CLANG_WARN_COMMA = YES;
				CLANG_WARN_CONSTANT_CONVERSION = YES;
				CLANG_WARN_DEPRECATED_OBJC_IMPLEMENTATIONS = YES;
				CLANG_WARN_DIRECT_OBJC_ISA_USAGE = YES_ERROR;
				CLANG_WARN_DOCUMENTATION_COMMENTS = YES;
				CLANG_WARN_EMPTY_BODY = YES;
				CLANG_WARN_ENUM_CONVERSION = YES;
				CLANG_WARN_INFINITE_RECURSION = YES;
				CLANG_WARN_INT_CONVERSION = YES;
				CLANG_WARN_NON_LITERAL_NULL_CONVERSION = YES;
				CLANG_WARN_OBJC_IMPLICIT_RETAIN_SELF = YES;
				CLANG_WARN_OBJC_LITERAL_CONVERSION = YES;
				CLANG_WARN_OBJC_ROOT_CLASS = YES_ERROR;
				CLANG_WARN_QUOTED_INCLUDE_IN_FRAMEWORK_HEADER = YES;
				CLANG_WARN_RANGE_LOOP_ANALYSIS = YES;
				CLANG_WARN_STRICT_PROTOTYPES = YES;
				CLANG_WARN_SUSPICIOUS_MOVE = YES;
				CLANG_WARN_UNGUARDED_AVAILABILITY = YES_AGGRESSIVE;
				CLANG_WARN_UNREACHABLE_CODE = YES;
				CLANG_WARN__DUPLICATE_METHOD_MATCH = YES;
				COPY_PHASE_STRIP = NO;
				DEBUG_INFORMATION_FORMAT = "dwarf-with-dsym";
				DEVELOPMENT_TEAM = K2VAN9GH96;
				ENABLE_NS_ASSERTIONS = NO;
				ENABLE_STRICT_OBJC_MSGSEND = YES;
				ENABLE_USER_SCRIPT_SANDBOXING = YES;
				GCC_C_LANGUAGE_STANDARD = gnu17;
				GCC_NO_COMMON_BLOCKS = YES;
				GCC_WARN_64_TO_32_BIT_CONVERSION = YES;
				GCC_WARN_ABOUT_RETURN_TYPE = YES_ERROR;
				GCC_WARN_UNDECLARED_SELECTOR = YES;
				GCC_WARN_UNINITIALIZED_AUTOS = YES_AGGRESSIVE;
				GCC_WARN_UNUSED_FUNCTION = YES;
				GCC_WARN_UNUSED_VARIABLE = YES;
				IPHONEOS_DEPLOYMENT_TARGET = 18.5;
				LOCALIZATION_PREFERS_STRING_CATALOGS = YES;
				MTL_ENABLE_DEBUG_INFO = NO;
				MTL_FAST_MATH = YES;
				SDKROOT = iphoneos;
				SWIFT_COMPILATION_MODE = wholemodule;
				VALIDATE_PRODUCT = YES;
			};
			name = Release;
		};
		1968A97E2E65E5D3000C682C /* Debug */ = {
			isa = XCBuildConfiguration;
			buildSettings = {
				ASSETCATALOG_COMPILER_APPICON_NAME = AppIcon;
				ASSETCATALOG_COMPILER_GLOBAL_ACCENT_COLOR_NAME = AccentColor;
				CODE_SIGN_STYLE = Automatic;
				CURRENT_PROJECT_VERSION = 1;
				DEVELOPMENT_TEAM = K2VAN9GH96;
				ENABLE_PREVIEWS = YES;
				GENERATE_INFOPLIST_FILE = YES;
				INFOPLIST_KEY_UIApplicationSceneManifest_Generation = YES;
				INFOPLIST_KEY_UIApplicationSupportsIndirectInputEvents = YES;
				INFOPLIST_KEY_UILaunchScreen_Generation = YES;
				INFOPLIST_KEY_UISupportedInterfaceOrientations_iPad = "UIInterfaceOrientationPortrait UIInterfaceOrientationPortraitUpsideDown UIInterfaceOrientationLandscapeLeft UIInterfaceOrientationLandscapeRight";
				INFOPLIST_KEY_UISupportedInterfaceOrientations_iPhone = "UIInterfaceOrientationPortrait UIInterfaceOrientationLandscapeLeft UIInterfaceOrientationLandscapeRight";
				LD_RUNPATH_SEARCH_PATHS = (
					"$(inherited)",
					"@executable_path/Frameworks",
				);
				MARKETING_VERSION = 1.0;
				PRODUCT_BUNDLE_IDENTIFIER = com.loinsir.LiveActivityExample;
				PRODUCT_NAME = "$(TARGET_NAME)";
				SWIFT_EMIT_LOC_STRINGS = YES;
				SWIFT_VERSION = 5.0;
				TARGETED_DEVICE_FAMILY = "1,2";
			};
			name = Debug;
		};
		1968A97F2E65E5D3000C682C /* Release */ = {
			isa = XCBuildConfiguration;
			buildSettings = {
				ASSETCATALOG_COMPILER_APPICON_NAME = AppIcon;
				ASSETCATALOG_COMPILER_GLOBAL_ACCENT_COLOR_NAME = AccentColor;
				CODE_SIGN_STYLE = Automatic;
				CURRENT_PROJECT_VERSION = 1;
				DEVELOPMENT_TEAM = K2VAN9GH96;
				ENABLE_PREVIEWS = YES;
				GENERATE_INFOPLIST_FILE = YES;
				INFOPLIST_KEY_UIApplicationSceneManifest_Generation = YES;
				INFOPLIST_KEY_UIApplicationSupportsIndirectInputEvents = YES;
				INFOPLIST_KEY_UILaunchScreen_Generation = YES;
				INFOPLIST_KEY_UISupportedInterfaceOrientations_iPad = "UIInterfaceOrientationPortrait UIInterfaceOrientationPortraitUpsideDown UIInterfaceOrientationLandscapeLeft UIInterfaceOrientationLandscapeRight";
				INFOPLIST_KEY_UISupportedInterfaceOrientations_iPhone = "UIInterfaceOrientationPortrait UIInterfaceOrientationLandscapeLeft UIInterfaceOrientationLandscapeRight";
				LD_RUNPATH_SEARCH_PATHS = (
					"$(inherited)",
					"@executable_path/Frameworks",
				);
				MARKETING_VERSION = 1.0;
				PRODUCT_BUNDLE_IDENTIFIER = com.loinsir.LiveActivityExample;
				PRODUCT_NAME = "$(TARGET_NAME)";
				SWIFT_EMIT_LOC_STRINGS = YES;
				SWIFT_VERSION = 5.0;
				TARGETED_DEVICE_FAMILY = "1,2";
			};
			name = Release;
		};
		1968A9812E65E5D3000C682C /* Debug */ = {
			isa = XCBuildConfiguration;
			buildSettings = {
				BUNDLE_LOADER = "$(TEST_HOST)";
				CODE_SIGN_STYLE = Automatic;
				CURRENT_PROJECT_VERSION = 1;
				DEVELOPMENT_TEAM = K2VAN9GH96;
				GENERATE_INFOPLIST_FILE = YES;
				IPHONEOS_DEPLOYMENT_TARGET = 18.5;
				MARKETING_VERSION = 1.0;
				PRODUCT_BUNDLE_IDENTIFIER = com.loinsir.LiveActivityExampleTests;
				PRODUCT_NAME = "$(TARGET_NAME)";
				SWIFT_EMIT_LOC_STRINGS = NO;
				SWIFT_VERSION = 5.0;
				TARGETED_DEVICE_FAMILY = "1,2";
				TEST_HOST = "$(BUILT_PRODUCTS_DIR)/LiveActivityExample.app/$(BUNDLE_EXECUTABLE_FOLDER_PATH)/LiveActivityExample";
			};
			name = Debug;
		};
		1968A9822E65E5D3000C682C /* Release */ = {
			isa = XCBuildConfiguration;
			buildSettings = {
				BUNDLE_LOADER = "$(TEST_HOST)";
				CODE_SIGN_STYLE = Automatic;
				CURRENT_PROJECT_VERSION = 1;
				DEVELOPMENT_TEAM = K2VAN9GH96;
				GENERATE_INFOPLIST_FILE = YES;
				IPHONEOS_DEPLOYMENT_TARGET = 18.5;
				MARKETING_VERSION = 1.0;
				PRODUCT_BUNDLE_IDENTIFIER = com.loinsir.LiveActivityExampleTests;
				PRODUCT_NAME = "$(TARGET_NAME)";
				SWIFT_EMIT_LOC_STRINGS = NO;
				SWIFT_VERSION = 5.0;
				TARGETED_DEVICE_FAMILY = "1,2";
				TEST_HOST = "$(BUILT_PRODUCTS_DIR)/LiveActivityExample.app/$(BUNDLE_EXECUTABLE_FOLDER_PATH)/LiveActivityExample";
			};
			name = Release;
		};
		1968A9842E65E5D3000C682C /* Debug */ = {
			isa = XCBuildConfiguration;
			buildSettings = {
				CODE_SIGN_STYLE = Automatic;
				CURRENT_PROJECT_VERSION = 1;
				DEVELOPMENT_TEAM = K2VAN9GH96;
				GENERATE_INFOPLIST_FILE = YES;
				MARKETING_VERSION = 1.0;
				PRODUCT_BUNDLE_IDENTIFIER = com.loinsir.LiveActivityExampleUITests;
				PRODUCT_NAME = "$(TARGET_NAME)";
				SWIFT_EMIT_LOC_STRINGS = NO;
				SWIFT_VERSION = 5.0;
				TARGETED_DEVICE_FAMILY = "1,2";
				TEST_TARGET_NAME = LiveActivityExample;
			};
			name = Debug;
		};
		1968A9852E65E5D3000C682C /* Release */ = {
			isa = XCBuildConfiguration;
			buildSettings = {
				CODE_SIGN_STYLE = Automatic;
				CURRENT_PROJECT_VERSION = 1;
				DEVELOPMENT_TEAM = K2VAN9GH96;
				GENERATE_INFOPLIST_FILE = YES;
				MARKETING_VERSION = 1.0;
				PRODUCT_BUNDLE_IDENTIFIER = com.loinsir.LiveActivityExampleUITests;
				PRODUCT_NAME = "$(TARGET_NAME)";
				SWIFT_EMIT_LOC_STRINGS = NO;
				SWIFT_VERSION = 5.0;
				TARGETED_DEVICE_FAMILY = "1,2";
				TEST_TARGET_NAME = LiveActivityExample;
			};
			name = Release;
		};
/* End XCBuildConfiguration section */

/* Begin XCConfigurationList section */
		1968A9572E65E5D1000C682C /* Build configuration list for PBXProject "LiveActivityExample" */ = {
			isa = XCConfigurationList;
			buildConfigurations = (
				1968A97B2E65E5D3000C682C /* Debug */,
				1968A97C2E65E5D3000C682C /* Release */,
			);
			defaultConfigurationIsVisible = 0;
			defaultConfigurationName = Release;
		};
		1968A97D2E65E5D3000C682C /* Build configuration list for PBXNativeTarget "LiveActivityExample" */ = {
			isa = XCConfigurationList;
			buildConfigurations = (
				1968A97E2E65E5D3000C682C /* Debug */,
				1968A97F2E65E5D3000C682C /* Release */,
			);
			defaultConfigurationIsVisible = 0;
			defaultConfigurationName = Release;
		};
		1968A9802E65E5D3000C682C /* Build configuration list for PBXNativeTarget "LiveActivityExampleTests" */ = {
			isa = XCConfigurationList;
			buildConfigurations = (
				1968A9812E65E5D3000C682C /* Debug */,
				1968A9822E65E5D3000C682C /* Release */,
			);
			defaultConfigurationIsVisible = 0;
			defaultConfigurationName = Release;
		};
		1968A9832E65E5D3000C682C /* Build configuration list for PBXNativeTarget "LiveActivityExampleUITests" */ = {
			isa = XCConfigurationList;
			buildConfigurations = (
				1968A9842E65E5D3000C682C /* Debug */,
				1968A9852E65E5D3000C682C /* Release */,
			);
			defaultConfigurationIsVisible = 0;
			defaultConfigurationName = Release;
		};
/* End XCConfigurationList section */
	};
	rootObject = 1968A9542E65E5D1000C682C /* Project object */;
}
